go.followtheprocess.codes/hue v1.2.0 h1:irFHJvgXIgFWyc2z2EYd87raFNZ8nHFvQSfXhozo+ow=
go.followtheprocess.codes/hue v1.2.0/go.mod h1:GxmAqxUuqDAWxXKzanv1GM7SgclNU6yIq4f9rYgDd1k=
golang.org/x/sys v0.45.0 h1:dO4czNzziLiiXplLQgBCEpCvXQ3dnkn0SdaZSYdQ+FY=
golang.org/x/sys v0.45.0/go.mod h1:4GL1E5IUh+htKOUEOaiffhrAeqysfVGipDYzABqnCmw=
golang.org/x/term v0.43.0 h1:S4RLU2sB31O/NCl+zFN9Aru9A/Cq2aqKpTZJ6B+DwT4=
golang.org/x/term v0.43.0/go.mod h1:lrhlHNdQJHO+1qVYiHfFKVuVioJIheAc3fBSMFYEIsk=
